<?xml version="1.0" encoding="utf-8"?>
<Project ToolsVersion="4.0" xmlns="http://schemas.microsoft.com/developer/msbuild/2003">
  <ItemGroup>
    <Filter Include="more_dialogs">
      <UniqueIdentifier>{BA20757F-A683-0424-4F09-3DDA3B4BD0A6}</UniqueIdentifier>
    </Filter>
  </ItemGroup>
  <ItemGroup>
    <ClInclude Include="more_dialogs\tinyfd_moredialogs.h">
      <Filter>more_dialogs</Filter>
    </ClInclude>
    <ClInclude Include="tinyfiledialogs.h" />
  </ItemGroup>
  <ItemGroup>
    <ClCompile Include="more_dialogs\tinyfd_moredialogs.c">
      <Filter>more_dialogs</Filter>
    </ClCompile>
    <ClCompile Include="tinyfiledialogs.c" />
  </ItemGroup>
  <ItemGroup>
    <None Include="premake5.lua" />
  </ItemGroup>
</Project>